
Microsoft Visual Studio Solution File, Format Version 12.00
# Visual Studio Version 17
VisualStudioVersion = 17.10.35013.160
MinimumVisualStudioVersion = 10.0.40219.1
Project("{FAE04EC0-301F-11D3-BF4B-00C04F79EFBC}") = "e-commerce", "e-commerce.csproj", "{58EF4002-5AEB-4CE2-A417-A012B189971D}"
EndProject
Global
	GlobalSection(SolutionConfigurationPlatforms) = preSolution
		Debug|Any CPU = Debug|Any CPU
		Release|Any CPU = Release|Any CPU
	EndGlobalSection
	GlobalSection(ProjectConfigurationPlatforms) = postSolution
		{58EF4002-5AEB-4CE2-A417-A012B189971D}.Debug|Any CPU.ActiveCfg = Debug|Any CPU
		{58EF4002-5AEB-4CE2-A417-A012B189971D}.Debug|Any CPU.Build.0 = Debug|Any CPU
		{58EF4002-5AEB-4CE2-A417-A012B189971D}.Release|Any CPU.ActiveCfg = Release|Any CPU
		{58EF4002-5AEB-4CE2-A417-A012B189971D}.Release|Any CPU.Build.0 = Release|Any CPU
	EndGlobalSection
	GlobalSection(SolutionProperties) = preSolution
		HideSolutionNode = FALSE
	EndGlobalSection
	GlobalSection(ExtensibilityGlobals) = postSolution
		SolutionGuid = {D6C07515-96DC-4CED-B023-83F1D677509B}
	EndGlobalSection
EndGlobal
